
Microsoft Visual Studio Solution File, Format Version 12.00
# Visual Studio Version 17
VisualStudioVersion = 17.0.31903.59
MinimumVisualStudioVersion = 10.0.40219.1
Project("{FAE04EC0-301F-11D3-BF4B-00C04F79EFBC}") = "Bolt.ServerDrivenUI.Core.Elements", "src\Bolt.ServerDrivenUI.Core.Elements\Bolt.ServerDrivenUI.Core.Elements.csproj", "{404F30AE-F294-4823-8DEA-04EDE315DF6B}"
EndProject
Project("{2150E333-8FDC-42A3-9474-1A3956D46DE8}") = "Solution Items", "Solution Items", "{EE73B924-F518-48C3-8694-76958B56FEDB}"
	ProjectSection(SolutionItems) = preProject
		..\.editorconfig = ..\.editorconfig
	EndProjectSection
EndProject
Project("{2150E333-8FDC-42A3-9474-1A3956D46DE8}") = "Tests", "Tests", "{D4E83B51-4B7E-423F-8661-05C196D85ACE}"
EndProject
Project("{FAE04EC0-301F-11D3-BF4B-00C04F79EFBC}") = "Bolt.ServerDrivenUI.TestHelpers", "tests\Bolt.ServerDrivenUI.TestHelpers\Bolt.ServerDrivenUI.TestHelpers.csproj", "{8363599D-89F7-476F-8FDB-218DCE716CBB}"
EndProject
Project("{FAE04EC0-301F-11D3-BF4B-00C04F79EFBC}") = "Bolt.ServerDrivenUI.Core", "src\Bolt.ServerDrivenUI.Core\Bolt.ServerDrivenUI.Core.csproj", "{9F102910-B9B4-4381-AD1D-C7EDA4E035DE}"
EndProject
Project("{FAE04EC0-301F-11D3-BF4B-00C04F79EFBC}") = "Bolt.ServerDrivenUI", "src\Bolt.ServerDrivenUI\Bolt.ServerDrivenUI.csproj", "{8D20A4B0-7FCF-472F-A7B2-ECD11B8391AB}"
EndProject
Project("{FAE04EC0-301F-11D3-BF4B-00C04F79EFBC}") = "Bolt.ServerDrivenUI.Extensions.Web", "src\Bolt.ServerDrivenUI.Extensions.Web\Bolt.ServerDrivenUI.Extensions.Web.csproj", "{92915D53-3020-47D9-B082-0F7FB39F494F}"
EndProject
Project("{FAE04EC0-301F-11D3-BF4B-00C04F79EFBC}") = "Bolt.ServerDrivenUI.Extensions.ExternalSource", "src\Bolt.ServerDrivenUI.Extensions.ExternalSource\Bolt.ServerDrivenUI.Extensions.ExternalSource.csproj", "{66F46B66-5997-4ECE-BCC5-27F22D433901}"
EndProject
Project("{2150E333-8FDC-42A3-9474-1A3956D46DE8}") = "Src", "Src", "{A039127C-5132-42CC-9DA0-24EC99370D25}"
EndProject
Project("{FAE04EC0-301F-11D3-BF4B-00C04F79EFBC}") = "Bolt.ServerDrivenUI.Extensions.ExternalSource.Tests", "tests\Bolt.ServerDrivenUI.Extensions.ExternalSource.Tests\Bolt.ServerDrivenUI.Extensions.ExternalSource.Tests.csproj", "{F35F0B8B-167E-4AB2-93F7-B64062E22E4E}"
EndProject
Project("{FAE04EC0-301F-11D3-BF4B-00C04F79EFBC}") = "Bolt.ServerDrivenUI.Tests", "tests\Bolt.ServerDrivenUI.Tests\Bolt.ServerDrivenUI.Tests.csproj", "{B7470F77-9055-40EB-9822-06D52380256D}"
EndProject
Project("{2150E333-8FDC-42A3-9474-1A3956D46DE8}") = "Samples", "Samples", "{93045341-E910-4AC9-A333-D068517B1225}"
EndProject
Project("{FAE04EC0-301F-11D3-BF4B-00C04F79EFBC}") = "Bookshop.ServerDrivenUI.Api", "samples\Bookshop.ServerDrivenUI.Api\Bookshop.ServerDrivenUI.Api.csproj", "{8CC40EE6-3083-45C7-A671-CA8145DF53C4}"
EndProject
Project("{FAE04EC0-301F-11D3-BF4B-00C04F79EFBC}") = "Bookshop.ServerDriveUI.Elements", "samples\Bookshop.ServerDriveUI.Elements\Bookshop.ServerDriveUI.Elements.csproj", "{B6EBB2C8-35F1-455B-91E3-C8A2FA77B627}"
EndProject
Project("{FAE04EC0-301F-11D3-BF4B-00C04F79EFBC}") = "Bookshop.AppShell.UI.Api", "samples\Bookshop.AppShell.UI.Api\Bookshop.AppShell.UI.Api.csproj", "{644EA519-5ED7-4F45-94FA-FBADBE942239}"
EndProject
Global
	GlobalSection(SolutionConfigurationPlatforms) = preSolution
		Debug|Any CPU = Debug|Any CPU
		Release|Any CPU = Release|Any CPU
	EndGlobalSection
	GlobalSection(ProjectConfigurationPlatforms) = postSolution
		{404F30AE-F294-4823-8DEA-04EDE315DF6B}.Debug|Any CPU.ActiveCfg = Debug|Any CPU
		{404F30AE-F294-4823-8DEA-04EDE315DF6B}.Debug|Any CPU.Build.0 = Debug|Any CPU
		{404F30AE-F294-4823-8DEA-04EDE315DF6B}.Release|Any CPU.ActiveCfg = Release|Any CPU
		{404F30AE-F294-4823-8DEA-04EDE315DF6B}.Release|Any CPU.Build.0 = Release|Any CPU
		{8363599D-89F7-476F-8FDB-218DCE716CBB}.Debug|Any CPU.ActiveCfg = Debug|Any CPU
		{8363599D-89F7-476F-8FDB-218DCE716CBB}.Debug|Any CPU.Build.0 = Debug|Any CPU
		{8363599D-89F7-476F-8FDB-218DCE716CBB}.Release|Any CPU.ActiveCfg = Release|Any CPU
		{8363599D-89F7-476F-8FDB-218DCE716CBB}.Release|Any CPU.Build.0 = Release|Any CPU
		{9F102910-B9B4-4381-AD1D-C7EDA4E035DE}.Debug|Any CPU.ActiveCfg = Debug|Any CPU
		{9F102910-B9B4-4381-AD1D-C7EDA4E035DE}.Debug|Any CPU.Build.0 = Debug|Any CPU
		{9F102910-B9B4-4381-AD1D-C7EDA4E035DE}.Release|Any CPU.ActiveCfg = Release|Any CPU
		{9F102910-B9B4-4381-AD1D-C7EDA4E035DE}.Release|Any CPU.Build.0 = Release|Any CPU
		{8D20A4B0-7FCF-472F-A7B2-ECD11B8391AB}.Debug|Any CPU.ActiveCfg = Debug|Any CPU
		{8D20A4B0-7FCF-472F-A7B2-ECD11B8391AB}.Debug|Any CPU.Build.0 = Debug|Any CPU
		{8D20A4B0-7FCF-472F-A7B2-ECD11B8391AB}.Release|Any CPU.ActiveCfg = Release|Any CPU
		{8D20A4B0-7FCF-472F-A7B2-ECD11B8391AB}.Release|Any CPU.Build.0 = Release|Any CPU
		{92915D53-3020-47D9-B082-0F7FB39F494F}.Debug|Any CPU.ActiveCfg = Debug|Any CPU
		{92915D53-3020-47D9-B082-0F7FB39F494F}.Debug|Any CPU.Build.0 = Debug|Any CPU
		{92915D53-3020-47D9-B082-0F7FB39F494F}.Release|Any CPU.ActiveCfg = Release|Any CPU
		{92915D53-3020-47D9-B082-0F7FB39F494F}.Release|Any CPU.Build.0 = Release|Any CPU
		{66F46B66-5997-4ECE-BCC5-27F22D433901}.Debug|Any CPU.ActiveCfg = Debug|Any CPU
		{66F46B66-5997-4ECE-BCC5-27F22D433901}.Debug|Any CPU.Build.0 = Debug|Any CPU
		{66F46B66-5997-4ECE-BCC5-27F22D433901}.Release|Any CPU.ActiveCfg = Release|Any CPU
		{66F46B66-5997-4ECE-BCC5-27F22D433901}.Release|Any CPU.Build.0 = Release|Any CPU
		{F35F0B8B-167E-4AB2-93F7-B64062E22E4E}.Debug|Any CPU.ActiveCfg = Debug|Any CPU
		{F35F0B8B-167E-4AB2-93F7-B64062E22E4E}.Debug|Any CPU.Build.0 = Debug|Any CPU
		{F35F0B8B-167E-4AB2-93F7-B64062E22E4E}.Release|Any CPU.ActiveCfg = Release|Any CPU
		{F35F0B8B-167E-4AB2-93F7-B64062E22E4E}.Release|Any CPU.Build.0 = Release|Any CPU
		{B7470F77-9055-40EB-9822-06D52380256D}.Debug|Any CPU.ActiveCfg = Debug|Any CPU
		{B7470F77-9055-40EB-9822-06D52380256D}.Debug|Any CPU.Build.0 = Debug|Any CPU
		{B7470F77-9055-40EB-9822-06D52380256D}.Release|Any CPU.ActiveCfg = Release|Any CPU
		{B7470F77-9055-40EB-9822-06D52380256D}.Release|Any CPU.Build.0 = Release|Any CPU
		{8CC40EE6-3083-45C7-A671-CA8145DF53C4}.Debug|Any CPU.ActiveCfg = Debug|Any CPU
		{8CC40EE6-3083-45C7-A671-CA8145DF53C4}.Debug|Any CPU.Build.0 = Debug|Any CPU
		{8CC40EE6-3083-45C7-A671-CA8145DF53C4}.Release|Any CPU.ActiveCfg = Release|Any CPU
		{8CC40EE6-3083-45C7-A671-CA8145DF53C4}.Release|Any CPU.Build.0 = Release|Any CPU
		{B6EBB2C8-35F1-455B-91E3-C8A2FA77B627}.Debug|Any CPU.ActiveCfg = Debug|Any CPU
		{B6EBB2C8-35F1-455B-91E3-C8A2FA77B627}.Debug|Any CPU.Build.0 = Debug|Any CPU
		{B6EBB2C8-35F1-455B-91E3-C8A2FA77B627}.Release|Any CPU.ActiveCfg = Release|Any CPU
		{B6EBB2C8-35F1-455B-91E3-C8A2FA77B627}.Release|Any CPU.Build.0 = Release|Any CPU
		{644EA519-5ED7-4F45-94FA-FBADBE942239}.Debug|Any CPU.ActiveCfg = Debug|Any CPU
		{644EA519-5ED7-4F45-94FA-FBADBE942239}.Debug|Any CPU.Build.0 = Debug|Any CPU
		{644EA519-5ED7-4F45-94FA-FBADBE942239}.Release|Any CPU.ActiveCfg = Release|Any CPU
		{644EA519-5ED7-4F45-94FA-FBADBE942239}.Release|Any CPU.Build.0 = Release|Any CPU
	EndGlobalSection
	GlobalSection(SolutionProperties) = preSolution
		HideSolutionNode = FALSE
	EndGlobalSection
	GlobalSection(NestedProjects) = preSolution
		{8363599D-89F7-476F-8FDB-218DCE716CBB} = {D4E83B51-4B7E-423F-8661-05C196D85ACE}
		{8D20A4B0-7FCF-472F-A7B2-ECD11B8391AB} = {A039127C-5132-42CC-9DA0-24EC99370D25}
		{9F102910-B9B4-4381-AD1D-C7EDA4E035DE} = {A039127C-5132-42CC-9DA0-24EC99370D25}
		{404F30AE-F294-4823-8DEA-04EDE315DF6B} = {A039127C-5132-42CC-9DA0-24EC99370D25}
		{66F46B66-5997-4ECE-BCC5-27F22D433901} = {A039127C-5132-42CC-9DA0-24EC99370D25}
		{92915D53-3020-47D9-B082-0F7FB39F494F} = {A039127C-5132-42CC-9DA0-24EC99370D25}
		{F35F0B8B-167E-4AB2-93F7-B64062E22E4E} = {D4E83B51-4B7E-423F-8661-05C196D85ACE}
		{B7470F77-9055-40EB-9822-06D52380256D} = {D4E83B51-4B7E-423F-8661-05C196D85ACE}
		{8CC40EE6-3083-45C7-A671-CA8145DF53C4} = {93045341-E910-4AC9-A333-D068517B1225}
		{B6EBB2C8-35F1-455B-91E3-C8A2FA77B627} = {93045341-E910-4AC9-A333-D068517B1225}
		{644EA519-5ED7-4F45-94FA-FBADBE942239} = {93045341-E910-4AC9-A333-D068517B1225}
	EndGlobalSection
	GlobalSection(ExtensibilityGlobals) = postSolution
		SolutionGuid = {2E2CBC43-2680-410C-8B9E-C96D9E9D9BCC}
	EndGlobalSection
EndGlobal
