
Microsoft Visual Studio Solution File, Format Version 12.00
# Visual Studio Version 17
VisualStudioVersion = 17.0.31903.59
MinimumVisualStudioVersion = 10.0.40219.1
Project("{FAE04EC0-301F-11D3-BF4B-00C04F79EFBC}") = "Bolt.ServerDrivenUI.Core.Elements", "Bolt.ServerDrivenUI.Core.Elements\Bolt.ServerDrivenUI.Core.Elements.csproj", "{404F30AE-F294-4823-8DEA-04EDE315DF6B}"
EndProject
Project("{2150E333-8FDC-42A3-9474-1A3956D46DE8}") = "Solution Items", "Solution Items", "{EE73B924-F518-48C3-8694-76958B56FEDB}"
	ProjectSection(SolutionItems) = preProject
		..\.editorconfig = ..\.editorconfig
	EndProjectSection
EndProject
Project("{2150E333-8FDC-42A3-9474-1A3956D46DE8}") = "Tests", "Tests", "{D4E83B51-4B7E-423F-8661-05C196D85ACE}"
EndProject
Project("{FAE04EC0-301F-11D3-BF4B-00C04F79EFBC}") = "Bolt.ServerDrivenUI.TestHelpers", "Bolt.ServerDrivenUI.TestHelpers\Bolt.ServerDrivenUI.TestHelpers.csproj", "{8363599D-89F7-476F-8FDB-218DCE716CBB}"
EndProject
Project("{FAE04EC0-301F-11D3-BF4B-00C04F79EFBC}") = "Bolt.ServerDrivenUI.Core", "Bolt.ServerDrivenUI.Core\Bolt.ServerDrivenUI.Core.csproj", "{9F102910-B9B4-4381-AD1D-C7EDA4E035DE}"
EndProject
Project("{FAE04EC0-301F-11D3-BF4B-00C04F79EFBC}") = "Bolt.ServerDrivenUI", "Bolt.ServerDrivenUI\Bolt.ServerDrivenUI.csproj", "{8D20A4B0-7FCF-472F-A7B2-ECD11B8391AB}"
EndProject
Project("{FAE04EC0-301F-11D3-BF4B-00C04F79EFBC}") = "Bolt.ServerDrivenUI.Extensions.Web", "Bolt.ServerDrivenUI.Extensions.Web\Bolt.ServerDrivenUI.Extensions.Web.csproj", "{92915D53-3020-47D9-B082-0F7FB39F494F}"
EndProject
Project("{FAE04EC0-301F-11D3-BF4B-00C04F79EFBC}") = "SampleApi", "SampleApi\SampleApi.csproj", "{B4F58E37-5B90-40D6-9223-1B8E1756E2B3}"
EndProject
Global
	GlobalSection(SolutionConfigurationPlatforms) = preSolution
		Debug|Any CPU = Debug|Any CPU
		Release|Any CPU = Release|Any CPU
	EndGlobalSection
	GlobalSection(ProjectConfigurationPlatforms) = postSolution
		{404F30AE-F294-4823-8DEA-04EDE315DF6B}.Debug|Any CPU.ActiveCfg = Debug|Any CPU
		{404F30AE-F294-4823-8DEA-04EDE315DF6B}.Debug|Any CPU.Build.0 = Debug|Any CPU
		{404F30AE-F294-4823-8DEA-04EDE315DF6B}.Release|Any CPU.ActiveCfg = Release|Any CPU
		{404F30AE-F294-4823-8DEA-04EDE315DF6B}.Release|Any CPU.Build.0 = Release|Any CPU
		{8363599D-89F7-476F-8FDB-218DCE716CBB}.Debug|Any CPU.ActiveCfg = Debug|Any CPU
		{8363599D-89F7-476F-8FDB-218DCE716CBB}.Debug|Any CPU.Build.0 = Debug|Any CPU
		{8363599D-89F7-476F-8FDB-218DCE716CBB}.Release|Any CPU.ActiveCfg = Release|Any CPU
		{8363599D-89F7-476F-8FDB-218DCE716CBB}.Release|Any CPU.Build.0 = Release|Any CPU
		{9F102910-B9B4-4381-AD1D-C7EDA4E035DE}.Debug|Any CPU.ActiveCfg = Debug|Any CPU
		{9F102910-B9B4-4381-AD1D-C7EDA4E035DE}.Debug|Any CPU.Build.0 = Debug|Any CPU
		{9F102910-B9B4-4381-AD1D-C7EDA4E035DE}.Release|Any CPU.ActiveCfg = Release|Any CPU
		{9F102910-B9B4-4381-AD1D-C7EDA4E035DE}.Release|Any CPU.Build.0 = Release|Any CPU
		{8D20A4B0-7FCF-472F-A7B2-ECD11B8391AB}.Debug|Any CPU.ActiveCfg = Debug|Any CPU
		{8D20A4B0-7FCF-472F-A7B2-ECD11B8391AB}.Debug|Any CPU.Build.0 = Debug|Any CPU
		{8D20A4B0-7FCF-472F-A7B2-ECD11B8391AB}.Release|Any CPU.ActiveCfg = Release|Any CPU
		{8D20A4B0-7FCF-472F-A7B2-ECD11B8391AB}.Release|Any CPU.Build.0 = Release|Any CPU
		{92915D53-3020-47D9-B082-0F7FB39F494F}.Debug|Any CPU.ActiveCfg = Debug|Any CPU
		{92915D53-3020-47D9-B082-0F7FB39F494F}.Debug|Any CPU.Build.0 = Debug|Any CPU
		{92915D53-3020-47D9-B082-0F7FB39F494F}.Release|Any CPU.ActiveCfg = Release|Any CPU
		{92915D53-3020-47D9-B082-0F7FB39F494F}.Release|Any CPU.Build.0 = Release|Any CPU
		{B4F58E37-5B90-40D6-9223-1B8E1756E2B3}.Debug|Any CPU.ActiveCfg = Debug|Any CPU
		{B4F58E37-5B90-40D6-9223-1B8E1756E2B3}.Debug|Any CPU.Build.0 = Debug|Any CPU
		{B4F58E37-5B90-40D6-9223-1B8E1756E2B3}.Release|Any CPU.ActiveCfg = Release|Any CPU
		{B4F58E37-5B90-40D6-9223-1B8E1756E2B3}.Release|Any CPU.Build.0 = Release|Any CPU
	EndGlobalSection
	GlobalSection(SolutionProperties) = preSolution
		HideSolutionNode = FALSE
	EndGlobalSection
	GlobalSection(NestedProjects) = preSolution
		{8363599D-89F7-476F-8FDB-218DCE716CBB} = {D4E83B51-4B7E-423F-8661-05C196D85ACE}
	EndGlobalSection
	GlobalSection(ExtensibilityGlobals) = postSolution
		SolutionGuid = {2E2CBC43-2680-410C-8B9E-C96D9E9D9BCC}
	EndGlobalSection
EndGlobal
